
Microsoft Visual Studio Solution File, Format Version 12.00
# Visual Studio 2013
Project("{FAE04EC0-301F-11D3-BF4B-00C04F79EFBC}") = "UnityVS.FlickDefense.CSharp", "UnityVS.FlickDefense.CSharp.csproj", "{B7712C77-92D6-4838-6FB6-FE3DB667ECC3}"
EndProject
Project("{FAE04EC0-301F-11D3-BF4B-00C04F79EFBC}") = "UnityVS.FlickDefense.CSharp.Editor", "UnityVS.FlickDefense.CSharp.Editor.csproj", "{CF4E8699-3336-A1C4-9D22-C691ABD7C906}"
EndProject
Global
	GlobalSection(SolutionConfigurationPlatforms) = preSolution
		Debug|Any CPU = Debug|Any CPU
		Release|Any CPU = Release|Any CPU
	EndGlobalSection
	GlobalSection(ProjectConfigurationPlatforms) = postSolution
		{B7712C77-92D6-4838-6FB6-FE3DB667ECC3}.Debug|Any CPU.ActiveCfg = Debug|Any CPU
		{B7712C77-92D6-4838-6FB6-FE3DB667ECC3}.Debug|Any CPU.Build.0 = Debug|Any CPU
		{B7712C77-92D6-4838-6FB6-FE3DB667ECC3}.Release|Any CPU.ActiveCfg = Release|Any CPU
		{B7712C77-92D6-4838-6FB6-FE3DB667ECC3}.Release|Any CPU.Build.0 = Release|Any CPU
		{CF4E8699-3336-A1C4-9D22-C691ABD7C906}.Debug|Any CPU.ActiveCfg = Debug|Any CPU
		{CF4E8699-3336-A1C4-9D22-C691ABD7C906}.Debug|Any CPU.Build.0 = Debug|Any CPU
		{CF4E8699-3336-A1C4-9D22-C691ABD7C906}.Release|Any CPU.ActiveCfg = Release|Any CPU
		{CF4E8699-3336-A1C4-9D22-C691ABD7C906}.Release|Any CPU.Build.0 = Release|Any CPU
	EndGlobalSection
	GlobalSection(SolutionProperties) = preSolution
		HideSolutionNode = FALSE
	EndGlobalSection
EndGlobal
